dependencies:
- name: elasticsearch
  repository: https://charts.bitnami.com/bitnami
  version: 19.0.1
- name: postgresql
  repository: https://charts.bitnami.com/bitnami
  version: 10.16.2
- name: redis
  repository: https://charts.bitnami.com/bitnami
  version: 16.13.2
digest: sha256:54d4ed8260c02e074003b7e001bbca6100299d4087ceefc4b7324a4ae4a6342e
generated: "2022-07-09T22:39:06.503399+02:00"
