dependencies:
- name: elasticsearch
  repository: https://charts.bitnami.com/bitnami
  version: 14.2.3
- name: postgresql
  repository: https://charts.bitnami.com/bitnami
  version: 8.10.14
- name: redis
  repository: https://charts.bitnami.com/bitnami
  version: 10.9.0
digest: sha256:9e3e7b987c6ffba9295a30b7fae2613fe680c2b1a1832ff5afb185414ce1898e
generated: "2021-02-27T01:01:12.776919968Z"
