
Microsoft Visual Studio Solution File, Format Version 10.00
# Visual Studio 2008
Project("{8BC9CEB8-8B4A-11D0-8D11-00A0C91BC942}") = "pg", "pg_18\pg.vcproj", "{9A8BF0C8-1D75-4DC0-8D84-BAEFD693795E}"
EndProject
Project("{8BC9CEB8-8B4A-11D0-8D11-00A0C91BC942}") = "pg_19", "pg_19\pg_19.vcproj", "{2EE30C74-074F-4611-B39B-38D5F3C9B071}"
EndProject
Global
	GlobalSection(SolutionConfigurationPlatforms) = preSolution
		Debug|Win32 = Debug|Win32
		Release|Win32 = Release|Win32
	EndGlobalSection
	GlobalSection(ProjectConfigurationPlatforms) = postSolution
		{9A8BF0C8-1D75-4DC0-8D84-BAEFD693795E}.Debug|Win32.ActiveCfg = Debug|Win32
		{9A8BF0C8-1D75-4DC0-8D84-BAEFD693795E}.Debug|Win32.Build.0 = Debug|Win32
		{9A8BF0C8-1D75-4DC0-8D84-BAEFD693795E}.Release|Win32.ActiveCfg = Release|Win32
		{9A8BF0C8-1D75-4DC0-8D84-BAEFD693795E}.Release|Win32.Build.0 = Release|Win32
		{2EE30C74-074F-4611-B39B-38D5F3C9B071}.Debug|Win32.ActiveCfg = Debug|Win32
		{2EE30C74-074F-4611-B39B-38D5F3C9B071}.Debug|Win32.Build.0 = Debug|Win32
		{2EE30C74-074F-4611-B39B-38D5F3C9B071}.Release|Win32.ActiveCfg = Release|Win32
		{2EE30C74-074F-4611-B39B-38D5F3C9B071}.Release|Win32.Build.0 = Release|Win32
	EndGlobalSection
	GlobalSection(SolutionProperties) = preSolution
		HideSolutionNode = FALSE
	EndGlobalSection
EndGlobal
