{
  "name": "@tootsuite/mastodon",
  "requires": true,
  "lockfileVersion": 1,
  "dependencies": {
    "wicg-inert": {
      "version": "3.0.0",
      "resolved": "https://registry.npmjs.org/wicg-inert/-/wicg-inert-3.0.0.tgz",
      "integrity": "sha512-sZsYZ8pk8y6CgDLkTxivfhLDBvZuDWTWBawU8OuDdO0Id6AOd1Gqjkvt9g9Ni7rgHIS7UbRvbLSv1z7MSJDYCA=="
    }
  }
}
