dependencies:
- name: elasticsearch
  repository: https://charts.bitnami.com/bitnami
  version: 15.10.3
- name: postgresql
  repository: https://charts.bitnami.com/bitnami
  version: 8.10.14
- name: redis
  repository: https://charts.bitnami.com/bitnami
  version: 10.9.0
digest: sha256:f5c57108f7768fd16391c1a050991c7809f84a640cca308d7d24d87379d04000
generated: "2021-08-05T08:01:01.457727804Z"
